
Microsoft Visual Studio Solution File, Format Version 12.00
# Visual Studio Version 17
VisualStudioVersion = 17.0.31903.59
MinimumVisualStudioVersion = 10.0.40219.1
Project("{2150E333-8FDC-42A3-9474-1A3956D46DE8}") = "src", "src", "{827E0CD3-B72D-47B6-A68D-7590B98EB39B}"
EndProject
Project("{FAE04EC0-301F-11D3-BF4B-00C04F79EFBC}") = "EmployeeMonitoring.Protocol", "src\EmployeeMonitoring.Protocol\EmployeeMonitoring.Protocol.csproj", "{E56F27A1-F82D-447E-B265-8569E4F32077}"
EndProject
Project("{FAE04EC0-301F-11D3-BF4B-00C04F79EFBC}") = "EmployeeMonitoring.Client", "src\EmployeeMonitoring.Client\EmployeeMonitoring.Client.csproj", "{1E5B311E-0C59-4324-A903-43C74A484E09}"
EndProject
Project("{FAE04EC0-301F-11D3-BF4B-00C04F79EFBC}") = "EmployeeMonitoring.Server", "src\EmployeeMonitoring.Server\EmployeeMonitoring.Server.csproj", "{70B82E36-CF77-46D0-8BEB-DE9AAEF0DF7B}"
EndProject
Project("{FAE04EC0-301F-11D3-BF4B-00C04F79EFBC}") = "EmployeeMonitoring.Tests", "src\EmployeeMonitoring.Tests\EmployeeMonitoring.Tests.csproj", "{759916DD-B776-42F6-93B1-EF4EC05C3789}"
EndProject
Global
	GlobalSection(SolutionConfigurationPlatforms) = preSolution
		Debug|Any CPU = Debug|Any CPU
		Debug|x64 = Debug|x64
		Debug|x86 = Debug|x86
		Release|Any CPU = Release|Any CPU
		Release|x64 = Release|x64
		Release|x86 = Release|x86
	EndGlobalSection
	GlobalSection(ProjectConfigurationPlatforms) = postSolution
		{E56F27A1-F82D-447E-B265-8569E4F32077}.Debug|Any CPU.ActiveCfg = Debug|Any CPU
		{E56F27A1-F82D-447E-B265-8569E4F32077}.Debug|Any CPU.Build.0 = Debug|Any CPU
		{E56F27A1-F82D-447E-B265-8569E4F32077}.Debug|x64.ActiveCfg = Debug|Any CPU
		{E56F27A1-F82D-447E-B265-8569E4F32077}.Debug|x64.Build.0 = Debug|Any CPU
		{E56F27A1-F82D-447E-B265-8569E4F32077}.Debug|x86.ActiveCfg = Debug|Any CPU
		{E56F27A1-F82D-447E-B265-8569E4F32077}.Debug|x86.Build.0 = Debug|Any CPU
		{E56F27A1-F82D-447E-B265-8569E4F32077}.Release|Any CPU.ActiveCfg = Release|Any CPU
		{E56F27A1-F82D-447E-B265-8569E4F32077}.Release|Any CPU.Build.0 = Release|Any CPU
		{E56F27A1-F82D-447E-B265-8569E4F32077}.Release|x64.ActiveCfg = Release|Any CPU
		{E56F27A1-F82D-447E-B265-8569E4F32077}.Release|x64.Build.0 = Release|Any CPU
		{E56F27A1-F82D-447E-B265-8569E4F32077}.Release|x86.ActiveCfg = Release|Any CPU
		{E56F27A1-F82D-447E-B265-8569E4F32077}.Release|x86.Build.0 = Release|Any CPU
		{1E5B311E-0C59-4324-A903-43C74A484E09}.Debug|Any CPU.ActiveCfg = Debug|Any CPU
		{1E5B311E-0C59-4324-A903-43C74A484E09}.Debug|Any CPU.Build.0 = Debug|Any CPU
		{1E5B311E-0C59-4324-A903-43C74A484E09}.Debug|x64.ActiveCfg = Debug|Any CPU
		{1E5B311E-0C59-4324-A903-43C74A484E09}.Debug|x64.Build.0 = Debug|Any CPU
		{1E5B311E-0C59-4324-A903-43C74A484E09}.Debug|x86.ActiveCfg = Debug|Any CPU
		{1E5B311E-0C59-4324-A903-43C74A484E09}.Debug|x86.Build.0 = Debug|Any CPU
		{1E5B311E-0C59-4324-A903-43C74A484E09}.Release|Any CPU.ActiveCfg = Release|Any CPU
		{1E5B311E-0C59-4324-A903-43C74A484E09}.Release|Any CPU.Build.0 = Release|Any CPU
		{1E5B311E-0C59-4324-A903-43C74A484E09}.Release|x64.ActiveCfg = Release|Any CPU
		{1E5B311E-0C59-4324-A903-43C74A484E09}.Release|x64.Build.0 = Release|Any CPU
		{1E5B311E-0C59-4324-A903-43C74A484E09}.Release|x86.ActiveCfg = Release|Any CPU
		{1E5B311E-0C59-4324-A903-43C74A484E09}.Release|x86.Build.0 = Release|Any CPU
		{70B82E36-CF77-46D0-8BEB-DE9AAEF0DF7B}.Debug|Any CPU.ActiveCfg = Debug|Any CPU
		{70B82E36-CF77-46D0-8BEB-DE9AAEF0DF7B}.Debug|Any CPU.Build.0 = Debug|Any CPU
		{70B82E36-CF77-46D0-8BEB-DE9AAEF0DF7B}.Debug|x64.ActiveCfg = Debug|Any CPU
		{70B82E36-CF77-46D0-8BEB-DE9AAEF0DF7B}.Debug|x64.Build.0 = Debug|Any CPU
		{70B82E36-CF77-46D0-8BEB-DE9AAEF0DF7B}.Debug|x86.ActiveCfg = Debug|Any CPU
		{70B82E36-CF77-46D0-8BEB-DE9AAEF0DF7B}.Debug|x86.Build.0 = Debug|Any CPU
		{70B82E36-CF77-46D0-8BEB-DE9AAEF0DF7B}.Release|Any CPU.ActiveCfg = Release|Any CPU
		{70B82E36-CF77-46D0-8BEB-DE9AAEF0DF7B}.Release|Any CPU.Build.0 = Release|Any CPU
		{70B82E36-CF77-46D0-8BEB-DE9AAEF0DF7B}.Release|x64.ActiveCfg = Release|Any CPU
		{70B82E36-CF77-46D0-8BEB-DE9AAEF0DF7B}.Release|x64.Build.0 = Release|Any CPU
		{70B82E36-CF77-46D0-8BEB-DE9AAEF0DF7B}.Release|x86.ActiveCfg = Release|Any CPU
		{70B82E36-CF77-46D0-8BEB-DE9AAEF0DF7B}.Release|x86.Build.0 = Release|Any CPU
		{759916DD-B776-42F6-93B1-EF4EC05C3789}.Debug|Any CPU.ActiveCfg = Debug|Any CPU
		{759916DD-B776-42F6-93B1-EF4EC05C3789}.Debug|Any CPU.Build.0 = Debug|Any CPU
		{759916DD-B776-42F6-93B1-EF4EC05C3789}.Debug|x64.ActiveCfg = Debug|Any CPU
		{759916DD-B776-42F6-93B1-EF4EC05C3789}.Debug|x64.Build.0 = Debug|Any CPU
		{759916DD-B776-42F6-93B1-EF4EC05C3789}.Debug|x86.ActiveCfg = Debug|Any CPU
		{759916DD-B776-42F6-93B1-EF4EC05C3789}.Debug|x86.Build.0 = Debug|Any CPU
		{759916DD-B776-42F6-93B1-EF4EC05C3789}.Release|Any CPU.ActiveCfg = Release|Any CPU
		{759916DD-B776-42F6-93B1-EF4EC05C3789}.Release|Any CPU.Build.0 = Release|Any CPU
		{759916DD-B776-42F6-93B1-EF4EC05C3789}.Release|x64.ActiveCfg = Release|Any CPU
		{759916DD-B776-42F6-93B1-EF4EC05C3789}.Release|x64.Build.0 = Release|Any CPU
		{759916DD-B776-42F6-93B1-EF4EC05C3789}.Release|x86.ActiveCfg = Release|Any CPU
		{759916DD-B776-42F6-93B1-EF4EC05C3789}.Release|x86.Build.0 = Release|Any CPU
	EndGlobalSection
	GlobalSection(SolutionProperties) = preSolution
		HideSolutionNode = FALSE
	EndGlobalSection
	GlobalSection(NestedProjects) = preSolution
		{E56F27A1-F82D-447E-B265-8569E4F32077} = {827E0CD3-B72D-47B6-A68D-7590B98EB39B}
		{1E5B311E-0C59-4324-A903-43C74A484E09} = {827E0CD3-B72D-47B6-A68D-7590B98EB39B}
		{70B82E36-CF77-46D0-8BEB-DE9AAEF0DF7B} = {827E0CD3-B72D-47B6-A68D-7590B98EB39B}
		{759916DD-B776-42F6-93B1-EF4EC05C3789} = {827E0CD3-B72D-47B6-A68D-7590B98EB39B}
	EndGlobalSection
EndGlobal
